// !$*UTF8*$!
{
	archiveVersion = 1;
	classes = {
	};
	objectVersion = 46;
	objects = {

/* Begin PBXBuildFile section */
		C820485574CDA8A4336F1829 /* Pods_XXAudioKitExample.framework in Frameworks */ = {isa = PBXBuildFile; fileRef = B44EB247DACF35FC9A6F3330 /* Pods_XXAudioKitExample.framework */; };
		FD1A66781D7598370041FC1F /* AppDelegate.swift in Sources */ = {isa = PBXBuildFile; fileRef = FD1A66771D7598370041FC1F /* AppDelegate.swift */; };
		FD1A667A1D7598370041FC1F /* ViewController.swift in Sources */ = {isa = PBXBuildFile; fileRef = FD1A66791D7598370041FC1F /* ViewController.swift */; };
		FD1A667D1D7598370041FC1F /* Main.storyboard in Resources */ = {isa = PBXBuildFile; fileRef = FD1A667B1D7598370041FC1F /* Main.storyboard */; };
		FD1A667F1D7598370041FC1F /* Assets.xcassets in Resources */ = {isa = PBXBuildFile; fileRef = FD1A667E1D7598370041FC1F /* Assets.xcassets */; };
		FD1A66821D7598370041FC1F /* LaunchScreen.storyboard in Resources */ = {isa = PBXBuildFile; fileRef = FD1A66801D7598370041FC1F /* LaunchScreen.storyboard */; };
/* End PBXBuildFile section */

/* Begin PBXFileReference section */
		5AC177A9FA930F3D901CA193 /* Pods-XXAudioKitExample.release.xcconfig */ = {isa = PBXFileReference; includeInIndex = 1; lastKnownFileType = text.xcconfig; name = "Pods-XXAudioKitExample.release.xcconfig"; path = "Pods/Target Support Files/Pods-XXAudioKitExample/Pods-XXAudioKitExample.release.xcconfig"; sourceTree = "<group>"; };
		B44EB247DACF35FC9A6F3330 /* Pods_XXAudioKitExample.framework */ = {isa = PBXFileReference; explicitFileType = wrapper.framework; includeInIndex = 0; path = Pods_XXAudioKitExample.framework; sourceTree = BUILT_PRODUCTS_DIR; };
		FD1A66741D7598370041FC1F /* XXAudioKitExample.app */ = {isa = PBXFileReference; explicitFileType = wrapper.application; includeInIndex = 0; path = XXAudioKitExample.app; sourceTree = BUILT_PRODUCTS_DIR; };
		FD1A66771D7598370041FC1F /* AppDelegate.swift */ = {isa = PBXFileReference; lastKnownFileType = sourcecode.swift; path = AppDelegate.swift; sourceTree = "<group>"; };
		FD1A66791D7598370041FC1F /* ViewController.swift */ = {isa = PBXFileReference; lastKnownFileType = sourcecode.swift; path = ViewController.swift; sourceTree = "<group>"; };
		FD1A667C1D7598370041FC1F /* Base */ = {isa = PBXFileReference; lastKnownFileType = file.storyboard; name = Base; path = Base.lproj/Main.storyboard; sourceTree = "<group>"; };
		FD1A667E1D7598370041FC1F /* Assets.xcassets */ = {isa = PBXFileReference; lastKnownFileType = folder.assetcatalog; path = Assets.xcassets; sourceTree = "<group>"; };
		FD1A66811D7598370041FC1F /* Base */ = {isa = PBXFileReference; lastKnownFileType = file.storyboard; name = Base; path = Base.lproj/LaunchScreen.storyboard; sourceTree = "<group>"; };
		FD1A66831D7598370041FC1F /* Info.plist */ = {isa = PBXFileReference; lastKnownFileType = text.plist.xml; path = Info.plist; sourceTree = "<group>"; };
		FE2D47919EDDA92435964ECE /* Pods-XXAudioKitExample.debug.xcconfig */ = {isa = PBXFileReference; includeInIndex = 1; lastKnownFileType = text.xcconfig; name = "Pods-XXAudioKitExample.debug.xcconfig"; path = "Pods/Target Support Files/Pods-XXAudioKitExample/Pods-XXAudioKitExample.debug.xcconfig"; sourceTree = "<group>"; };
/* End PBXFileReference section */

/* Begin PBXFrameworksBuildPhase section */
		FD1A66711D7598370041FC1F /* Frameworks */ = {
			isa = PBXFrameworksBuildPhase;
			buildActionMask = 2147483647;
			files = (
				C820485574CDA8A4336F1829 /* Pods_XXAudioKitExample.framework in Frameworks */,
			);
			runOnlyForDeploymentPostprocessing = 0;
		};
/* End PBXFrameworksBuildPhase section */

/* Begin PBXGroup section */
		777DD0471B4C1140FF95DAB3 /* Pods */ = {
			isa = PBXGroup;
			children = (
				FE2D47919EDDA92435964ECE /* Pods-XXAudioKitExample.debug.xcconfig */,
				5AC177A9FA930F3D901CA193 /* Pods-XXAudioKitExample.release.xcconfig */,
			);
			name = Pods;
			sourceTree = "<group>";
		};
		DAF8A2CFBEBD2D326F021B4D /* Frameworks */ = {
			isa = PBXGroup;
			children = (
				B44EB247DACF35FC9A6F3330 /* Pods_XXAudioKitExample.framework */,
			);
			name = Frameworks;
			sourceTree = "<group>";
		};
		FD1A666B1D7598370041FC1F = {
			isa = PBXGroup;
			children = (
				FD1A66761D7598370041FC1F /* XXAudioKitExample */,
				FD1A66751D7598370041FC1F /* Products */,
				777DD0471B4C1140FF95DAB3 /* Pods */,
				DAF8A2CFBEBD2D326F021B4D /* Frameworks */,
			);
			sourceTree = "<group>";
		};
		FD1A66751D7598370041FC1F /* Products */ = {
			isa = PBXGroup;
			children = (
				FD1A66741D7598370041FC1F /* XXAudioKitExample.app */,
			);
			name = Products;
			sourceTree = "<group>";
		};
		FD1A66761D7598370041FC1F /* XXAudioKitExample */ = {
			isa = PBXGroup;
			children = (
				FD1A66771D7598370041FC1F /* AppDelegate.swift */,
				FD1A66791D7598370041FC1F /* ViewController.swift */,
				FD1A667B1D7598370041FC1F /* Main.storyboard */,
				FD1A667E1D7598370041FC1F /* Assets.xcassets */,
				FD1A66801D7598370041FC1F /* LaunchScreen.storyboard */,
				FD1A66831D7598370041FC1F /* Info.plist */,
			);
			path = XXAudioKitExample;
			sourceTree = "<group>";
		};
/* End PBXGroup section */

/* Begin PBXNativeTarget section */
		FD1A66731D7598370041FC1F /* XXAudioKitExample */ = {
			isa = PBXNativeTarget;
			buildConfigurationList = FD1A66861D7598370041FC1F /* Build configuration list for PBXNativeTarget "XXAudioKitExample" */;
			buildPhases = (
				B3457371F8A38E294CE28217 /* [CP] Check Pods Manifest.lock */,
				FD1A66701D7598370041FC1F /* Sources */,
				FD1A66711D7598370041FC1F /* Frameworks */,
				FD1A66721D7598370041FC1F /* Resources */,
				95E6FB1915E4B74C7AA4BF4F /* [CP] Embed Pods Frameworks */,
				EB648B432ED065BBF9768D08 /* [CP] Copy Pods Resources */,
			);
			buildRules = (
			);
			dependencies = (
			);
			name = XXAudioKitExample;
			productName = XXAudioKitExample;
			productReference = FD1A66741D7598370041FC1F /* XXAudioKitExample.app */;
			productType = "com.apple.product-type.application";
		};
/* End PBXNativeTarget section */

/* Begin PBXProject section */
		FD1A666C1D7598370041FC1F /* Project object */ = {
			isa = PBXProject;
			attributes = {
				LastSwiftUpdateCheck = 0730;
				LastUpgradeCheck = 0730;
				ORGANIZATIONNAME = "沈鹏";
				TargetAttributes = {
					FD1A66731D7598370041FC1F = {
						CreatedOnToolsVersion = 7.3.1;
					};
				};
			};
			buildConfigurationList = FD1A666F1D7598370041FC1F /* Build configuration list for PBXProject "XXAudioKitExample" */;
			compatibilityVersion = "Xcode 3.2";
			developmentRegion = English;
			hasScannedForEncodings = 0;
			knownRegions = (
				en,
				Base,
			);
			mainGroup = FD1A666B1D7598370041FC1F;
			productRefGroup = FD1A66751D7598370041FC1F /* Products */;
			projectDirPath = "";
			projectRoot = "";
			targets = (
				FD1A66731D7598370041FC1F /* XXAudioKitExample */,
			);
		};
/* End PBXProject section */

/* Begin PBXResourcesBuildPhase section */
		FD1A66721D7598370041FC1F /* Resources */ = {
			isa = PBXResourcesBuildPhase;
			buildActionMask = 2147483647;
			files = (
				FD1A66821D7598370041FC1F /* LaunchScreen.storyboard in Resources */,
				FD1A667F1D7598370041FC1F /* Assets.xcassets in Resources */,
				FD1A667D1D7598370041FC1F /* Main.storyboard in Resources */,
			);
			runOnlyForDeploymentPostprocessing = 0;
		};
/* End PBXResourcesBuildPhase section */

/* Begin PBXShellScriptBuildPhase section */
		95E6FB1915E4B74C7AA4BF4F /* [CP] Embed Pods Frameworks */ = {
			isa = PBXShellScriptBuildPhase;
			buildActionMask = 2147483647;
			files = (
			);
			inputPaths = (
			);
			name = "[CP] Embed Pods Frameworks";
			outputPaths = (
			);
			runOnlyForDeploymentPostprocessing = 0;
			shellPath = /bin/sh;
			shellScript = "\"${SRCROOT}/Pods/Target Support Files/Pods-XXAudioKitExample/Pods-XXAudioKitExample-frameworks.sh\"\n";
			showEnvVarsInLog = 0;
		};
		B3457371F8A38E294CE28217 /* [CP] Check Pods Manifest.lock */ = {
			isa = PBXShellScriptBuildPhase;
			buildActionMask = 2147483647;
			files = (
			);
			inputPaths = (
			);
			name = "[CP] Check Pods Manifest.lock";
			outputPaths = (
			);
			runOnlyForDeploymentPostprocessing = 0;
			shellPath = /bin/sh;
			shellScript = "diff \"${PODS_ROOT}/../Podfile.lock\" \"${PODS_ROOT}/Manifest.lock\" > /dev/null\nif [ $? != 0 ] ; then\n    # print error to STDERR\n    echo \"error: The sandbox is not in sync with the Podfile.lock. Run 'pod install' or update your CocoaPods installation.\" >&2\n    exit 1\nfi\n";
			showEnvVarsInLog = 0;
		};
		EB648B432ED065BBF9768D08 /* [CP] Copy Pods Resources */ = {
			isa = PBXShellScriptBuildPhase;
			buildActionMask = 2147483647;
			files = (
			);
			inputPaths = (
			);
			name = "[CP] Copy Pods Resources";
			outputPaths = (
			);
			runOnlyForDeploymentPostprocessing = 0;
			shellPath = /bin/sh;
			shellScript = "\"${SRCROOT}/Pods/Target Support Files/Pods-XXAudioKitExample/Pods-XXAudioKitExample-resources.sh\"\n";
			showEnvVarsInLog = 0;
		};
/* End PBXShellScriptBuildPhase section */

/* Begin PBXSourcesBuildPhase section */
		FD1A66701D7598370041FC1F /* Sources */ = {
			isa = PBXSourcesBuildPhase;
			buildActionMask = 2147483647;
			files = (
				FD1A667A1D7598370041FC1F /* ViewController.swift in Sources */,
				FD1A66781D7598370041FC1F /* AppDelegate.swift in Sources */,
			);
			runOnlyForDeploymentPostprocessing = 0;
		};
/* End PBXSourcesBuildPhase section */

/* Begin PBXVariantGroup section */
		FD1A667B1D7598370041FC1F /* Main.storyboard */ = {
			isa = PBXVariantGroup;
			children = (
				FD1A667C1D7598370041FC1F /* Base */,
			);
			name = Main.storyboard;
			sourceTree = "<group>";
		};
		FD1A66801D7598370041FC1F /* LaunchScreen.storyboard */ = {
			isa = PBXVariantGroup;
			children = (
				FD1A66811D7598370041FC1F /* Base */,
			);
			name = LaunchScreen.storyboard;
			sourceTree = "<group>";
		};
/* End PBXVariantGroup section */

/* Begin XCBuildConfiguration section */
		FD1A66841D7598370041FC1F /* Debug */ = {
			isa = XCBuildConfiguration;
			buildSettings = {
				ALWAYS_SEARCH_USER_PATHS = NO;
				CLANG_ANALYZER_NONNULL = YES;
				CLANG_CXX_LANGUAGE_STANDARD = "gnu++0x";
				CLANG_CXX_LIBRARY = "libc++";
				CLANG_ENABLE_MODULES = YES;
				CLANG_ENABLE_OBJC_ARC = YES;
				CLANG_WARN_BOOL_CONVERSION = YES;
				CLANG_WARN_CONSTANT_CONVERSION = YES;
				CLANG_WARN_DIRECT_OBJC_ISA_USAGE = YES_ERROR;
				CLANG_WARN_EMPTY_BODY = YES;
				CLANG_WARN_ENUM_CONVERSION = YES;
				CLANG_WARN_INT_CONVERSION = YES;
				CLANG_WARN_OBJC_ROOT_CLASS = YES_ERROR;
				CLANG_WARN_UNREACHABLE_CODE = YES;
				CLANG_WARN__DUPLICATE_METHOD_MATCH = YES;
				"CODE_SIGN_IDENTITY[sdk=iphoneos*]" = "iPhone Developer";
				COPY_PHASE_STRIP = NO;
				DEBUG_INFORMATION_FORMAT = dwarf;
				ENABLE_STRICT_OBJC_MSGSEND = YES;
				ENABLE_TESTABILITY = YES;
				GCC_C_LANGUAGE_STANDARD = gnu99;
				GCC_DYNAMIC_NO_PIC = NO;
				GCC_NO_COMMON_BLOCKS = YES;
				GCC_OPTIMIZATION_LEVEL = 0;
				GCC_PREPROCESSOR_DEFINITIONS = (
					"DEBUG=1",
					"$(inherited)",
				);
				GCC_WARN_64_TO_32_BIT_CONVERSION = YES;
				GCC_WARN_ABOUT_RETURN_TYPE = YES_ERROR;
				GCC_WARN_UNDECLARED_SELECTOR = YES;
				GCC_WARN_UNINITIALIZED_AUTOS = YES_AGGRESSIVE;
				GCC_WARN_UNUSED_FUNCTION = YES;
				GCC_WARN_UNUSED_VARIABLE = YES;
				IPHONEOS_DEPLOYMENT_TARGET = 9.3;
				MTL_ENABLE_DEBUG_INFO = YES;
				ONLY_ACTIVE_ARCH = YES;
				SDKROOT = iphoneos;
				SWIFT_OPTIMIZATION_LEVEL = "-Onone";
				TARGETED_DEVICE_FAMILY = "1,2";
			};
			name = Debug;
		};
		FD1A66851D7598370041FC1F /* Release */ = {
			isa = XCBuildConfiguration;
			buildSettings = {
				ALWAYS_SEARCH_USER_PATHS = NO;
				CLANG_ANALYZER_NONNULL = YES;
				CLANG_CXX_LANGUAGE_STANDARD = "gnu++0x";
				CLANG_CXX_LIBRARY = "libc++";
				CLANG_ENABLE_MODULES = YES;
				CLANG_ENABLE_OBJC_ARC = YES;
				CLANG_WARN_BOOL_CONVERSION = YES;
				CLANG_WARN_CONSTANT_CONVERSION = YES;
				CLANG_WARN_DIRECT_OBJC_ISA_USAGE = YES_ERROR;
				CLANG_WARN_EMPTY_BODY = YES;
				CLANG_WARN_ENUM_CONVERSION = YES;
				CLANG_WARN_INT_CONVERSION = YES;
				CLANG_WARN_OBJC_ROOT_CLASS = YES_ERROR;
				CLANG_WARN_UNREACHABLE_CODE = YES;
				CLANG_WARN__DUPLICATE_METHOD_MATCH = YES;
				"CODE_SIGN_IDENTITY[sdk=iphoneos*]" = "iPhone Developer";
				COPY_PHASE_STRIP = NO;
				DEBUG_INFORMATION_FORMAT = "dwarf-with-dsym";
				ENABLE_NS_ASSERTIONS = NO;
				ENABLE_STRICT_OBJC_MSGSEND = YES;
				GCC_C_LANGUAGE_STANDARD = gnu99;
				GCC_NO_COMMON_BLOCKS = YES;
				GCC_WARN_64_TO_32_BIT_CONVERSION = YES;
				GCC_WARN_ABOUT_RETURN_TYPE = YES_ERROR;
				GCC_WARN_UNDECLARED_SELECTOR = YES;
				GCC_WARN_UNINITIALIZED_AUTOS = YES_AGGRESSIVE;
				GCC_WARN_UNUSED_FUNCTION = YES;
				GCC_WARN_UNUSED_VARIABLE = YES;
				IPHONEOS_DEPLOYMENT_TARGET = 9.3;
				MTL_ENABLE_DEBUG_INFO = NO;
				SDKROOT = iphoneos;
				TARGETED_DEVICE_FAMILY = "1,2";
				VALIDATE_PRODUCT = YES;
			};
			name = Release;
		};
		FD1A66871D7598370041FC1F /* Debug */ = {
			isa = XCBuildConfiguration;
			baseConfigurationReference = FE2D47919EDDA92435964ECE /* Pods-XXAudioKitExample.debug.xcconfig */;
			buildSettings = {
				ASSETCATALOG_COMPILER_APPICON_NAME = AppIcon;
				INFOPLIST_FILE = XXAudioKitExample/Info.plist;
				LD_RUNPATH_SEARCH_PATHS = "$(inherited) @executable_path/Frameworks";
				PRODUCT_BUNDLE_IDENTIFIER = com.app.XXAudioKitExample;
				PRODUCT_NAME = "$(TARGET_NAME)";
				SWIFT_VERSION = 2.3;
			};
			name = Debug;
		};
		FD1A66881D7598370041FC1F /* Release */ = {
			isa = XCBuildConfiguration;
			baseConfigurationReference = 5AC177A9FA930F3D901CA193 /* Pods-XXAudioKitExample.release.xcconfig */;
			buildSettings = {
				ASSETCATALOG_COMPILER_APPICON_NAME = AppIcon;
				INFOPLIST_FILE = XXAudioKitExample/Info.plist;
				LD_RUNPATH_SEARCH_PATHS = "$(inherited) @executable_path/Frameworks";
				PRODUCT_BUNDLE_IDENTIFIER = com.app.XXAudioKitExample;
				PRODUCT_NAME = "$(TARGET_NAME)";
				SWIFT_VERSION = 2.3;
			};
			name = Release;
		};
/* End XCBuildConfiguration section */

/* Begin XCConfigurationList section */
		FD1A666F1D7598370041FC1F /* Build configuration list for PBXProject "XXAudioKitExample" */ = {
			isa = XCConfigurationList;
			buildConfigurations = (
				FD1A66841D7598370041FC1F /* Debug */,
				FD1A66851D7598370041FC1F /* Release */,
			);
			defaultConfigurationIsVisible = 0;
			defaultConfigurationName = Release;
		};
		FD1A66861D7598370041FC1F /* Build configuration list for PBXNativeTarget "XXAudioKitExample" */ = {
			isa = XCConfigurationList;
			buildConfigurations = (
				FD1A66871D7598370041FC1F /* Debug */,
				FD1A66881D7598370041FC1F /* Release */,
			);
			defaultConfigurationIsVisible = 0;
			defaultConfigurationName = Release;
		};
/* End XCConfigurationList section */
	};
	rootObject = FD1A666C1D7598370041FC1F /* Project object */;
}
